// !$*UTF8*$!
{
	archiveVersion = 1;
	classes = {
	};
	objectVersion = 50;
	objects = {

/* Begin PBXBuildFile section */
		1F0F885C257803DB0031C2BB /* BankViewController.swift in Sources */ = {isa = PBXBuildFile; fileRef = 1F0F885B257803DB0031C2BB /* BankViewController.swift */; };
		1F88C78E2577E75D00ECCD0E /* AppDelegate.swift in Sources */ = {isa = PBXBuildFile; fileRef = 1F88C78D2577E75D00ECCD0E /* AppDelegate.swift */; };
		1F88C7902577E75D00ECCD0E /* SceneDelegate.swift in Sources */ = {isa = PBXBuildFile; fileRef = 1F88C78F2577E75D00ECCD0E /* SceneDelegate.swift */; };
		1F88C7922577E75D00ECCD0E /* MainViewController.swift in Sources */ = {isa = PBXBuildFile; fileRef = 1F88C7912577E75D00ECCD0E /* MainViewController.swift */; };
		1F88C7952577E75D00ECCD0E /* Main.storyboard in Resources */ = {isa = PBXBuildFile; fileRef = 1F88C7932577E75D00ECCD0E /* Main.storyboard */; };
		1F88C7972577E75E00ECCD0E /* Assets.xcassets in Resources */ = {isa = PBXBuildFile; fileRef = 1F88C7962577E75E00ECCD0E /* Assets.xcassets */; };
		1F88C79A2577E75E00ECCD0E /* LaunchScreen.storyboard in Resources */ = {isa = PBXBuildFile; fileRef = 1F88C7982577E75E00ECCD0E /* LaunchScreen.storyboard */; };
		1F88C7A82577E9FF00ECCD0E /* AccountTableViewCell.swift in Sources */ = {isa = PBXBuildFile; fileRef = 1F88C7A62577E9FF00ECCD0E /* AccountTableViewCell.swift */; };
		1F88C7A92577E9FF00ECCD0E /* AccountTableViewCell.xib in Resources */ = {isa = PBXBuildFile; fileRef = 1F88C7A72577E9FF00ECCD0E /* AccountTableViewCell.xib */; };
/* End PBXBuildFile section */

/* Begin PBXFileReference section */
		1F0F885B257803DB0031C2BB /* BankViewController.swift */ = {isa = PBXFileReference; lastKnownFileType = sourcecode.swift; path = BankViewController.swift; sourceTree = "<group>"; };
		1F88C78A2577E75D00ECCD0E /* touchAcount.app */ = {isa = PBXFileReference; explicitFileType = wrapper.application; includeInIndex = 0; path = touchAcount.app; sourceTree = BUILT_PRODUCTS_DIR; };
		1F88C78D2577E75D00ECCD0E /* AppDelegate.swift */ = {isa = PBXFileReference; lastKnownFileType = sourcecode.swift; path = AppDelegate.swift; sourceTree = "<group>"; };
		1F88C78F2577E75D00ECCD0E /* SceneDelegate.swift */ = {isa = PBXFileReference; lastKnownFileType = sourcecode.swift; path = SceneDelegate.swift; sourceTree = "<group>"; };
		1F88C7912577E75D00ECCD0E /* MainViewController.swift */ = {isa = PBXFileReference; lastKnownFileType = sourcecode.swift; path = MainViewController.swift; sourceTree = "<group>"; };
		1F88C7942577E75D00ECCD0E /* Base */ = {isa = PBXFileReference; lastKnownFileType = file.storyboard; name = Base; path = Base.lproj/Main.storyboard; sourceTree = "<group>"; };
		1F88C7962577E75E00ECCD0E /* Assets.xcassets */ = {isa = PBXFileReference; lastKnownFileType = folder.assetcatalog; path = Assets.xcassets; sourceTree = "<group>"; };
		1F88C7992577E75E00ECCD0E /* Base */ = {isa = PBXFileReference; lastKnownFileType = file.storyboard; name = Base; path = Base.lproj/LaunchScreen.storyboard; sourceTree = "<group>"; };
		1F88C79B2577E75E00ECCD0E /* Info.plist */ = {isa = PBXFileReference; lastKnownFileType = text.plist.xml; path = Info.plist; sourceTree = "<group>"; };
		1F88C7A62577E9FF00ECCD0E /* AccountTableViewCell.swift */ = {isa = PBXFileReference; lastKnownFileType = sourcecode.swift; path = AccountTableViewCell.swift; sourceTree = "<group>"; };
		1F88C7A72577E9FF00ECCD0E /* AccountTableViewCell.xib */ = {isa = PBXFileReference; lastKnownFileType = file.xib; path = AccountTableViewCell.xib; sourceTree = "<group>"; };
/* End PBXFileReference section */

/* Begin PBXFrameworksBuildPhase section */
		1F88C7872577E75D00ECCD0E /* Frameworks */ = {
			isa = PBXFrameworksBuildPhase;
			buildActionMask = 2147483647;
			files = (
			);
			runOnlyForDeploymentPostprocessing = 0;
		};
/* End PBXFrameworksBuildPhase section */

/* Begin PBXGroup section */
		1F88C7812577E75C00ECCD0E = {
			isa = PBXGroup;
			children = (
				1F88C78C2577E75D00ECCD0E /* touchAcount */,
				1F88C78B2577E75D00ECCD0E /* Products */,
			);
			sourceTree = "<group>";
		};
		1F88C78B2577E75D00ECCD0E /* Products */ = {
			isa = PBXGroup;
			children = (
				1F88C78A2577E75D00ECCD0E /* touchAcount.app */,
			);
			name = Products;
			sourceTree = "<group>";
		};
		1F88C78C2577E75D00ECCD0E /* touchAcount */ = {
			isa = PBXGroup;
			children = (
				1F88C7A32577E7A300ECCD0E /* Supporting Files */,
				1F88C7912577E75D00ECCD0E /* MainViewController.swift */,
				1F0F885B257803DB0031C2BB /* BankViewController.swift */,
				1F88C7932577E75D00ECCD0E /* Main.storyboard */,
				1F88C7A62577E9FF00ECCD0E /* AccountTableViewCell.swift */,
				1F88C7A72577E9FF00ECCD0E /* AccountTableViewCell.xib */,
				1F88C7962577E75E00ECCD0E /* Assets.xcassets */,
				1F88C79B2577E75E00ECCD0E /* Info.plist */,
			);
			path = touchAcount;
			sourceTree = "<group>";
		};
		1F88C7A32577E7A300ECCD0E /* Supporting Files */ = {
			isa = PBXGroup;
			children = (
				1F88C78D2577E75D00ECCD0E /* AppDelegate.swift */,
				1F88C78F2577E75D00ECCD0E /* SceneDelegate.swift */,
				1F88C7982577E75E00ECCD0E /* LaunchScreen.storyboard */,
			);
			path = "Supporting Files";
			sourceTree = "<group>";
		};
/* End PBXGroup section */

/* Begin PBXNativeTarget section */
		1F88C7892577E75D00ECCD0E /* touchAcount */ = {
			isa = PBXNativeTarget;
			buildConfigurationList = 1F88C79E2577E75E00ECCD0E /* Build configuration list for PBXNativeTarget "touchAcount" */;
			buildPhases = (
				1F88C7862577E75D00ECCD0E /* Sources */,
				1F88C7872577E75D00ECCD0E /* Frameworks */,
				1F88C7882577E75D00ECCD0E /* Resources */,
			);
			buildRules = (
			);
			dependencies = (
			);
			name = touchAcount;
			productName = touchAcount;
			productReference = 1F88C78A2577E75D00ECCD0E /* touchAcount.app */;
			productType = "com.apple.product-type.application";
		};
/* End PBXNativeTarget section */

/* Begin PBXProject section */
		1F88C7822577E75C00ECCD0E /* Project object */ = {
			isa = PBXProject;
			attributes = {
				LastSwiftUpdateCheck = 1220;
				LastUpgradeCheck = 1220;
				TargetAttributes = {
					1F88C7892577E75D00ECCD0E = {
						CreatedOnToolsVersion = 12.2;
					};
				};
			};
			buildConfigurationList = 1F88C7852577E75C00ECCD0E /* Build configuration list for PBXProject "touchAcount" */;
			compatibilityVersion = "Xcode 9.3";
			developmentRegion = en;
			hasScannedForEncodings = 0;
			knownRegions = (
				en,
				Base,
			);
			mainGroup = 1F88C7812577E75C00ECCD0E;
			productRefGroup = 1F88C78B2577E75D00ECCD0E /* Products */;
			projectDirPath = "";
			projectRoot = "";
			targets = (
				1F88C7892577E75D00ECCD0E /* touchAcount */,
			);
		};
/* End PBXProject section */

/* Begin PBXResourcesBuildPhase section */
		1F88C7882577E75D00ECCD0E /* Resources */ = {
			isa = PBXResourcesBuildPhase;
			buildActionMask = 2147483647;
			files = (
				1F88C79A2577E75E00ECCD0E /* LaunchScreen.storyboard in Resources */,
				1F88C7A92577E9FF00ECCD0E /* AccountTableViewCell.xib in Resources */,
				1F88C7972577E75E00ECCD0E /* Assets.xcassets in Resources */,
				1F88C7952577E75D00ECCD0E /* Main.storyboard in Resources */,
			);
			runOnlyForDeploymentPostprocessing = 0;
		};
/* End PBXResourcesBuildPhase section */

/* Begin PBXSourcesBuildPhase section */
		1F88C7862577E75D00ECCD0E /* Sources */ = {
			isa = PBXSourcesBuildPhase;
			buildActionMask = 2147483647;
			files = (
				1F88C7922577E75D00ECCD0E /* MainViewController.swift in Sources */,
				1F88C7A82577E9FF00ECCD0E /* AccountTableViewCell.swift in Sources */,
				1F88C78E2577E75D00ECCD0E /* AppDelegate.swift in Sources */,
				1F0F885C257803DB0031C2BB /* BankViewController.swift in Sources */,
				1F88C7902577E75D00ECCD0E /* SceneDelegate.swift in Sources */,
			);
			runOnlyForDeploymentPostprocessing = 0;
		};
/* End PBXSourcesBuildPhase section */

/* Begin PBXVariantGroup section */
		1F88C7932577E75D00ECCD0E /* Main.storyboard */ = {
			isa = PBXVariantGroup;
			children = (
				1F88C7942577E75D00ECCD0E /* Base */,
			);
			name = Main.storyboard;
			sourceTree = "<group>";
		};
		1F88C7982577E75E00ECCD0E /* LaunchScreen.storyboard */ = {
			isa = PBXVariantGroup;
			children = (
				1F88C7992577E75E00ECCD0E /* Base */,
			);
			name = LaunchScreen.storyboard;
			sourceTree = "<group>";
		};
/* End PBXVariantGroup section */

/* Begin XCBuildConfiguration section */
		1F88C79C2577E75E00ECCD0E /* Debug */ = {
			isa = XCBuildConfiguration;
			buildSettings = {
				ALWAYS_SEARCH_USER_PATHS = NO;
				CLANG_ANALYZER_NONNULL = YES;
				CLANG_ANALYZER_NUMBER_OBJECT_CONVERSION = YES_AGGRESSIVE;
				CLANG_CXX_LANGUAGE_STANDARD = "gnu++14";
				CLANG_CXX_LIBRARY = "libc++";
				CLANG_ENABLE_MODULES = YES;
				CLANG_ENABLE_OBJC_ARC = YES;
				CLANG_ENABLE_OBJC_WEAK = YES;
				CLANG_WARN_BLOCK_CAPTURE_AUTORELEASING = YES;
				CLANG_WARN_BOOL_CONVERSION = YES;
				CLANG_WARN_COMMA = YES;
				CLANG_WARN_CONSTANT_CONVERSION = YES;
				CLANG_WARN_DEPRECATED_OBJC_IMPLEMENTATIONS = YES;
				CLANG_WARN_DIRECT_OBJC_ISA_USAGE = YES_ERROR;
				CLANG_WARN_DOCUMENTATION_COMMENTS = YES;
				CLANG_WARN_EMPTY_BODY = YES;
				CLANG_WARN_ENUM_CONVERSION = YES;
				CLANG_WARN_INFINITE_RECURSION = YES;
				CLANG_WARN_INT_CONVERSION = YES;
				CLANG_WARN_NON_LITERAL_NULL_CONVERSION = YES;
				CLANG_WARN_OBJC_IMPLICIT_RETAIN_SELF = YES;
				CLANG_WARN_OBJC_LITERAL_CONVERSION = YES;
				CLANG_WARN_OBJC_ROOT_CLASS = YES_ERROR;
				CLANG_WARN_QUOTED_INCLUDE_IN_FRAMEWORK_HEADER = YES;
				CLANG_WARN_RANGE_LOOP_ANALYSIS = YES;
				CLANG_WARN_STRICT_PROTOTYPES = YES;
				CLANG_WARN_SUSPICIOUS_MOVE = YES;
				CLANG_WARN_UNGUARDED_AVAILABILITY = YES_AGGRESSIVE;
				CLANG_WARN_UNREACHABLE_CODE = YES;
				CLANG_WARN__DUPLICATE_METHOD_MATCH = YES;
				COPY_PHASE_STRIP = NO;
				DEBUG_INFORMATION_FORMAT = dwarf;
				ENABLE_STRICT_OBJC_MSGSEND = YES;
				ENABLE_TESTABILITY = YES;
				GCC_C_LANGUAGE_STANDARD = gnu11;
				GCC_DYNAMIC_NO_PIC = NO;
				GCC_NO_COMMON_BLOCKS = YES;
				GCC_OPTIMIZATION_LEVEL = 0;
				GCC_PREPROCESSOR_DEFINITIONS = (
					"DEBUG=1",
					"$(inherited)",
				);
				GCC_WARN_64_TO_32_BIT_CONVERSION = YES;
				GCC_WARN_ABOUT_RETURN_TYPE = YES_ERROR;
				GCC_WARN_UNDECLARED_SELECTOR = YES;
				GCC_WARN_UNINITIALIZED_AUTOS = YES_AGGRESSIVE;
				GCC_WARN_UNUSED_FUNCTION = YES;
				GCC_WARN_UNUSED_VARIABLE = YES;
				IPHONEOS_DEPLOYMENT_TARGET = 14.2;
				MTL_ENABLE_DEBUG_INFO = INCLUDE_SOURCE;
				MTL_FAST_MATH = YES;
				ONLY_ACTIVE_ARCH = YES;
				SDKROOT = iphoneos;
				SWIFT_ACTIVE_COMPILATION_CONDITIONS = DEBUG;
				SWIFT_OPTIMIZATION_LEVEL = "-Onone";
			};
			name = Debug;
		};
		1F88C79D2577E75E00ECCD0E /* Release */ = {
			isa = XCBuildConfiguration;
			buildSettings = {
				ALWAYS_SEARCH_USER_PATHS = NO;
				CLANG_ANALYZER_NONNULL = YES;
				CLANG_ANALYZER_NUMBER_OBJECT_CONVERSION = YES_AGGRESSIVE;
				CLANG_CXX_LANGUAGE_STANDARD = "gnu++14";
				CLANG_CXX_LIBRARY = "libc++";
				CLANG_ENABLE_MODULES = YES;
				CLANG_ENABLE_OBJC_ARC = YES;
				CLANG_ENABLE_OBJC_WEAK = YES;
				CLANG_WARN_BLOCK_CAPTURE_AUTORELEASING = YES;
				CLANG_WARN_BOOL_CONVERSION = YES;
				CLANG_WARN_COMMA = YES;
				CLANG_WARN_CONSTANT_CONVERSION = YES;
				CLANG_WARN_DEPRECATED_OBJC_IMPLEMENTATIONS = YES;
				CLANG_WARN_DIRECT_OBJC_ISA_USAGE = YES_ERROR;
				CLANG_WARN_DOCUMENTATION_COMMENTS = YES;
				CLANG_WARN_EMPTY_BODY = YES;
				CLANG_WARN_ENUM_CONVERSION = YES;
				CLANG_WARN_INFINITE_RECURSION = YES;
				CLANG_WARN_INT_CONVERSION = YES;
				CLANG_WARN_NON_LITERAL_NULL_CONVERSION = YES;
				CLANG_WARN_OBJC_IMPLICIT_RETAIN_SELF = YES;
				CLANG_WARN_OBJC_LITERAL_CONVERSION = YES;
				CLANG_WARN_OBJC_ROOT_CLASS = YES_ERROR;
				CLANG_WARN_QUOTED_INCLUDE_IN_FRAMEWORK_HEADER = YES;
				CLANG_WARN_RANGE_LOOP_ANALYSIS = YES;
				CLANG_WARN_STRICT_PROTOTYPES = YES;
				CLANG_WARN_SUSPICIOUS_MOVE = YES;
				CLANG_WARN_UNGUARDED_AVAILABILITY = YES_AGGRESSIVE;
				CLANG_WARN_UNREACHABLE_CODE = YES;
				CLANG_WARN__DUPLICATE_METHOD_MATCH = YES;
				COPY_PHASE_STRIP = NO;
				DEBUG_INFORMATION_FORMAT = "dwarf-with-dsym";
				ENABLE_NS_ASSERTIONS = NO;
				ENABLE_STRICT_OBJC_MSGSEND = YES;
				GCC_C_LANGUAGE_STANDARD = gnu11;
				GCC_NO_COMMON_BLOCKS = YES;
				GCC_WARN_64_TO_32_BIT_CONVERSION = YES;
				GCC_WARN_ABOUT_RETURN_TYPE = YES_ERROR;
				GCC_WARN_UNDECLARED_SELECTOR = YES;
				GCC_WARN_UNINITIALIZED_AUTOS = YES_AGGRESSIVE;
				GCC_WARN_UNUSED_FUNCTION = YES;
				GCC_WARN_UNUSED_VARIABLE = YES;
				IPHONEOS_DEPLOYMENT_TARGET = 14.2;
				MTL_ENABLE_DEBUG_INFO = NO;
				MTL_FAST_MATH = YES;
				SDKROOT = iphoneos;
				SWIFT_COMPILATION_MODE = wholemodule;
				SWIFT_OPTIMIZATION_LEVEL = "-O";
				VALIDATE_PRODUCT = YES;
			};
			name = Release;
		};
		1F88C79F2577E75E00ECCD0E /* Debug */ = {
			isa = XCBuildConfiguration;
			buildSettings = {
				ASSETCATALOG_COMPILER_APPICON_NAME = AppIcon;
				ASSETCATALOG_COMPILER_GLOBAL_ACCENT_COLOR_NAME = AccentColor;
				CODE_SIGN_STYLE = Automatic;
				DEVELOPMENT_TEAM = CGBBVTVCWH;
				INFOPLIST_FILE = touchAcount/Info.plist;
				IPHONEOS_DEPLOYMENT_TARGET = 14.0;
				LD_RUNPATH_SEARCH_PATHS = (
					"$(inherited)",
					"@executable_path/Frameworks",
				);
				PRODUCT_BUNDLE_IDENTIFIER = kr.co.jeff.touchAcount;
				PRODUCT_NAME = "$(TARGET_NAME)";
				SWIFT_VERSION = 5.0;
				TARGETED_DEVICE_FAMILY = 1;
			};
			name = Debug;
		};
		1F88C7A02577E75E00ECCD0E /* Release */ = {
			isa = XCBuildConfiguration;
			buildSettings = {
				ASSETCATALOG_COMPILER_APPICON_NAME = AppIcon;
				ASSETCATALOG_COMPILER_GLOBAL_ACCENT_COLOR_NAME = AccentColor;
				CODE_SIGN_STYLE = Automatic;
				DEVELOPMENT_TEAM = CGBBVTVCWH;
				INFOPLIST_FILE = touchAcount/Info.plist;
				IPHONEOS_DEPLOYMENT_TARGET = 14.0;
				LD_RUNPATH_SEARCH_PATHS = (
					"$(inherited)",
					"@executable_path/Frameworks",
				);
				PRODUCT_BUNDLE_IDENTIFIER = kr.co.jeff.touchAcount;
				PRODUCT_NAME = "$(TARGET_NAME)";
				SWIFT_VERSION = 5.0;
				TARGETED_DEVICE_FAMILY = 1;
			};
			name = Release;
		};
/* End XCBuildConfiguration section */

/* Begin XCConfigurationList section */
		1F88C7852577E75C00ECCD0E /* Build configuration list for PBXProject "touchAcount" */ = {
			isa = XCConfigurationList;
			buildConfigurations = (
				1F88C79C2577E75E00ECCD0E /* Debug */,
				1F88C79D2577E75E00ECCD0E /* Release */,
			);
			defaultConfigurationIsVisible = 0;
			defaultConfigurationName = Release;
		};
		1F88C79E2577E75E00ECCD0E /* Build configuration list for PBXNativeTarget "touchAcount" */ = {
			isa = XCConfigurationList;
			buildConfigurations = (
				1F88C79F2577E75E00ECCD0E /* Debug */,
				1F88C7A02577E75E00ECCD0E /* Release */,
			);
			defaultConfigurationIsVisible = 0;
			defaultConfigurationName = Release;
		};
/* End XCConfigurationList section */
	};
	rootObject = 1F88C7822577E75C00ECCD0E /* Project object */;
}
